
Microsoft Visual Studio Solution File, Format Version 12.00
# Visual Studio 2013
VisualStudioVersion = 12.0.21005.1
MinimumVisualStudioVersion = 10.0.40219.1
Project("{FAE04EC0-301F-11D3-BF4B-00C04F79EFBC}") = "TimeZones", "TimeZones\TimeZones.csproj", "{13995486-A0CF-4FF9-B9A9-2B545171EEA5}"
EndProject
Project("{FAE04EC0-301F-11D3-BF4B-00C04F79EFBC}") = "Test", "Test\Test.csproj", "{E96EDB47-ADC2-40D8-9A78-F2A7F0865CAC}"
EndProject
Project("{2150E333-8FDC-42A3-9474-1A3956D46DE8}") = ".nuget", ".nuget", "{EE59EF04-38EE-42C5-B882-6FF2AD56A01D}"
	ProjectSection(SolutionItems) = preProject
		.nuget\packages.config = .nuget\packages.config
	EndProjectSection
EndProject
Project("{FAE04EC0-301F-11D3-BF4B-00C04F79EFBC}") = "CodeGen", "CodeGen\CodeGen.csproj", "{672E4BB1-E528-46B8-B8C5-F8288833DE89}"
EndProject
Global
	GlobalSection(SolutionConfigurationPlatforms) = preSolution
		Debug|Any CPU = Debug|Any CPU
		Net35|Any CPU = Net35|Any CPU
		Net35CP|Any CPU = Net35CP|Any CPU
		Net40|Any CPU = Net40|Any CPU
		Net40CP|Any CPU = Net40CP|Any CPU
		Net45|Any CPU = Net45|Any CPU
		Release|Any CPU = Release|Any CPU
	EndGlobalSection
	GlobalSection(ProjectConfigurationPlatforms) = postSolution
		{13995486-A0CF-4FF9-B9A9-2B545171EEA5}.Debug|Any CPU.ActiveCfg = Debug|Any CPU
		{13995486-A0CF-4FF9-B9A9-2B545171EEA5}.Debug|Any CPU.Build.0 = Debug|Any CPU
		{13995486-A0CF-4FF9-B9A9-2B545171EEA5}.Net35|Any CPU.ActiveCfg = Net35|Any CPU
		{13995486-A0CF-4FF9-B9A9-2B545171EEA5}.Net35|Any CPU.Build.0 = Net35|Any CPU
		{13995486-A0CF-4FF9-B9A9-2B545171EEA5}.Net35CP|Any CPU.ActiveCfg = Net35CP|Any CPU
		{13995486-A0CF-4FF9-B9A9-2B545171EEA5}.Net35CP|Any CPU.Build.0 = Net35CP|Any CPU
		{13995486-A0CF-4FF9-B9A9-2B545171EEA5}.Net40|Any CPU.ActiveCfg = Net40|Any CPU
		{13995486-A0CF-4FF9-B9A9-2B545171EEA5}.Net40|Any CPU.Build.0 = Net40|Any CPU
		{13995486-A0CF-4FF9-B9A9-2B545171EEA5}.Net40CP|Any CPU.ActiveCfg = Net40CP|Any CPU
		{13995486-A0CF-4FF9-B9A9-2B545171EEA5}.Net40CP|Any CPU.Build.0 = Net40CP|Any CPU
		{13995486-A0CF-4FF9-B9A9-2B545171EEA5}.Net45|Any CPU.ActiveCfg = Net45|Any CPU
		{13995486-A0CF-4FF9-B9A9-2B545171EEA5}.Net45|Any CPU.Build.0 = Net45|Any CPU
		{13995486-A0CF-4FF9-B9A9-2B545171EEA5}.Release|Any CPU.ActiveCfg = Release|Any CPU
		{13995486-A0CF-4FF9-B9A9-2B545171EEA5}.Release|Any CPU.Build.0 = Release|Any CPU
		{E96EDB47-ADC2-40D8-9A78-F2A7F0865CAC}.Debug|Any CPU.ActiveCfg = Debug|Any CPU
		{E96EDB47-ADC2-40D8-9A78-F2A7F0865CAC}.Debug|Any CPU.Build.0 = Debug|Any CPU
		{E96EDB47-ADC2-40D8-9A78-F2A7F0865CAC}.Net35|Any CPU.ActiveCfg = Net35|Any CPU
		{E96EDB47-ADC2-40D8-9A78-F2A7F0865CAC}.Net35|Any CPU.Build.0 = Net35|Any CPU
		{E96EDB47-ADC2-40D8-9A78-F2A7F0865CAC}.Net35CP|Any CPU.ActiveCfg = Net35CP|Any CPU
		{E96EDB47-ADC2-40D8-9A78-F2A7F0865CAC}.Net35CP|Any CPU.Build.0 = Net35CP|Any CPU
		{E96EDB47-ADC2-40D8-9A78-F2A7F0865CAC}.Net40|Any CPU.ActiveCfg = Net40|Any CPU
		{E96EDB47-ADC2-40D8-9A78-F2A7F0865CAC}.Net40|Any CPU.Build.0 = Net40|Any CPU
		{E96EDB47-ADC2-40D8-9A78-F2A7F0865CAC}.Net40CP|Any CPU.ActiveCfg = Net40CP|Any CPU
		{E96EDB47-ADC2-40D8-9A78-F2A7F0865CAC}.Net40CP|Any CPU.Build.0 = Net40CP|Any CPU
		{E96EDB47-ADC2-40D8-9A78-F2A7F0865CAC}.Net45|Any CPU.ActiveCfg = Net45|Any CPU
		{E96EDB47-ADC2-40D8-9A78-F2A7F0865CAC}.Net45|Any CPU.Build.0 = Net45|Any CPU
		{E96EDB47-ADC2-40D8-9A78-F2A7F0865CAC}.Release|Any CPU.ActiveCfg = Release|Any CPU
		{E96EDB47-ADC2-40D8-9A78-F2A7F0865CAC}.Release|Any CPU.Build.0 = Release|Any CPU
		{672E4BB1-E528-46B8-B8C5-F8288833DE89}.Debug|Any CPU.ActiveCfg = Debug|Any CPU
		{672E4BB1-E528-46B8-B8C5-F8288833DE89}.Debug|Any CPU.Build.0 = Debug|Any CPU
		{672E4BB1-E528-46B8-B8C5-F8288833DE89}.Net35|Any CPU.ActiveCfg = Net35|Any CPU
		{672E4BB1-E528-46B8-B8C5-F8288833DE89}.Net35|Any CPU.Build.0 = Net35|Any CPU
		{672E4BB1-E528-46B8-B8C5-F8288833DE89}.Net35CP|Any CPU.ActiveCfg = Net35CP|Any CPU
		{672E4BB1-E528-46B8-B8C5-F8288833DE89}.Net35CP|Any CPU.Build.0 = Net35CP|Any CPU
		{672E4BB1-E528-46B8-B8C5-F8288833DE89}.Net40|Any CPU.ActiveCfg = Net40|Any CPU
		{672E4BB1-E528-46B8-B8C5-F8288833DE89}.Net40|Any CPU.Build.0 = Net40|Any CPU
		{672E4BB1-E528-46B8-B8C5-F8288833DE89}.Net40CP|Any CPU.ActiveCfg = Net40CP|Any CPU
		{672E4BB1-E528-46B8-B8C5-F8288833DE89}.Net40CP|Any CPU.Build.0 = Net40CP|Any CPU
		{672E4BB1-E528-46B8-B8C5-F8288833DE89}.Net45|Any CPU.ActiveCfg = Net45|Any CPU
		{672E4BB1-E528-46B8-B8C5-F8288833DE89}.Net45|Any CPU.Build.0 = Net45|Any CPU
		{672E4BB1-E528-46B8-B8C5-F8288833DE89}.Release|Any CPU.ActiveCfg = Release|Any CPU
		{672E4BB1-E528-46B8-B8C5-F8288833DE89}.Release|Any CPU.Build.0 = Release|Any CPU
	EndGlobalSection
	GlobalSection(SolutionProperties) = preSolution
		HideSolutionNode = FALSE
	EndGlobalSection
EndGlobal
